# THIS IS AN AUTOGENERATED FILE. DO NOT EDIT THIS FILE DIRECTLY.
# yarn lockfile v1


dark-mode-switch@^1.0.0:
  version "1.0.0"
  resolved "https://registry.yarnpkg.com/dark-mode-switch/-/dark-mode-switch-1.0.0.tgz#527b63adfca7157728e99e90010a3fbc7e4d7b8c"
  integrity sha512-wRoqYGmph7mwRbPcSNRR6DpRQe5wOK0lG6O3Hz7nIWWDyLAHSqje7PUI6c/acOYACiSPHc7sqysn57GSuklb6w==
